Microsoft Visual Studio Solution File, Format Version 12.00
# Visual Studio Version 16
VisualStudioVersion = 16.0.31729.503
MinimumVisualStudioVersion = 10.0.40219.1
Project("{9A19103F-16F7-4668-BE54-9A1E7A4F7556}") = "RecommendationValidator", "RecommendationValidator\RecommendationValidator.csproj", "{DB3D0373-8483-4CEB-96C1-F1B0966D7483}"
EndProject
Project("{FAE04EC0-301F-11D3-BF4B-00C04F79EFBC}") = "RecommendationBatchUpdater", "RecommendationBatchUpdater\RecommendationBatchUpdater.csproj", "{BAE409F1-F59A-458C-8F94-D4ED943A4E79}"
EndProject
Global
	GlobalSection(SolutionConfigurationPlatforms) = preSolution
		Debug|Any CPU = Debug|Any CPU
		Release|Any CPU = Release|Any CPU
	EndGlobalSection
	GlobalSection(ProjectConfigurationPlatforms) = postSolution
		{DB3D0373-8483-4CEB-96C1-F1B0966D7483}.Debug|Any CPU.ActiveCfg = Debug|Any CPU
		{DB3D0373-8483-4CEB-96C1-F1B0966D7483}.Debug|Any CPU.Build.0 = Debug|Any CPU
		{DB3D0373-8483-4CEB-96C1-F1B0966D7483}.Release|Any CPU.ActiveCfg = Release|Any CPU
		{DB3D0373-8483-4CEB-96C1-F1B0966D7483}.Release|Any CPU.Build.0 = Release|Any CPU
		{BAE409F1-F59A-458C-8F94-D4ED943A4E79}.Debug|Any CPU.ActiveCfg = Debug|Any CPU
		{BAE409F1-F59A-458C-8F94-D4ED943A4E79}.Debug|Any CPU.Build.0 = Debug|Any CPU
		{BAE409F1-F59A-458C-8F94-D4ED943A4E79}.Release|Any CPU.ActiveCfg = Release|Any CPU
		{BAE409F1-F59A-458C-8F94-D4ED943A4E79}.Release|Any CPU.Build.0 = Release|Any CPU
	EndGlobalSection
	GlobalSection(SolutionProperties) = preSolution
		HideSolutionNode = FALSE
	EndGlobalSection
	GlobalSection(ExtensibilityGlobals) = postSolution
		SolutionGuid = {F5B83D58-D0B1-4011-A162-2B862610C424}
	EndGlobalSection
EndGlobal
